
Microsoft Visual Studio Solution File, Format Version 12.00
# Visual Studio 2012
Project("{2150E333-8FDC-42A3-9474-1A3956D46DE8}") = "Acceso a Datos", "Acceso a Datos", "{8A900CF2-B09A-40F8-88D7-94062D75708F}"
EndProject
Project("{2150E333-8FDC-42A3-9474-1A3956D46DE8}") = "Logica de Aplicacion", "Logica de Aplicacion", "{7FEAF8A2-9705-4C00-A648-69B92DD685CF}"
EndProject
Project("{2150E333-8FDC-42A3-9474-1A3956D46DE8}") = "Presentacion", "Presentacion", "{F673F8F7-3827-4B16-BCAB-5BDD9BA028A6}"
EndProject
Project("{FAE04EC0-301F-11D3-BF4B-00C04F79EFBC}") = "TransportesEDVI.Repository", "TransportesEDVI.Repository\TransportesEDVI.Repository.csproj", "{3C467A08-511F-4E8D-9AA8-8CA2FFC4847E}"
EndProject
Project("{FAE04EC0-301F-11D3-BF4B-00C04F79EFBC}") = "TransportesEDVI.BusinessEntities", "TransportesEDVI.BusinessEntities\TransportesEDVI.BusinessEntities.csproj", "{2A749D85-FECF-4A8C-8998-E5A56CC0AD94}"
EndProject
Project("{FAE04EC0-301F-11D3-BF4B-00C04F79EFBC}") = "TransportesEDVI.Service", "TransportesEDVI.Service\TransportesEDVI.Service.csproj", "{36B94207-E480-4A4A-AC0A-2FBE2DDF4328}"
EndProject
Project("{FAE04EC0-301F-11D3-BF4B-00C04F79EFBC}") = "TransportesEDVI.Web", "TransportesEDVI.Web\TransportesEDVI.Web.csproj", "{DEA7E526-B67C-4E03-BC31-8AE67C3CBAB9}"
EndProject
Project("{FAE04EC0-301F-11D3-BF4B-00C04F79EFBC}") = "TransportesEDVI.CreateDB", "TransportesEDVI.CreateDB\TransportesEDVI.CreateDB.csproj", "{300A0F97-F5DF-49EF-9877-F769F8A95621}"
EndProject
Global
	GlobalSection(SolutionConfigurationPlatforms) = preSolution
		Debug|Any CPU = Debug|Any CPU
		Release|Any CPU = Release|Any CPU
	EndGlobalSection
	GlobalSection(ProjectConfigurationPlatforms) = postSolution
		{3C467A08-511F-4E8D-9AA8-8CA2FFC4847E}.Debug|Any CPU.ActiveCfg = Debug|Any CPU
		{3C467A08-511F-4E8D-9AA8-8CA2FFC4847E}.Debug|Any CPU.Build.0 = Debug|Any CPU
		{3C467A08-511F-4E8D-9AA8-8CA2FFC4847E}.Release|Any CPU.ActiveCfg = Release|Any CPU
		{3C467A08-511F-4E8D-9AA8-8CA2FFC4847E}.Release|Any CPU.Build.0 = Release|Any CPU
		{2A749D85-FECF-4A8C-8998-E5A56CC0AD94}.Debug|Any CPU.ActiveCfg = Debug|Any CPU
		{2A749D85-FECF-4A8C-8998-E5A56CC0AD94}.Debug|Any CPU.Build.0 = Debug|Any CPU
		{2A749D85-FECF-4A8C-8998-E5A56CC0AD94}.Release|Any CPU.ActiveCfg = Release|Any CPU
		{2A749D85-FECF-4A8C-8998-E5A56CC0AD94}.Release|Any CPU.Build.0 = Release|Any CPU
		{36B94207-E480-4A4A-AC0A-2FBE2DDF4328}.Debug|Any CPU.ActiveCfg = Debug|Any CPU
		{36B94207-E480-4A4A-AC0A-2FBE2DDF4328}.Debug|Any CPU.Build.0 = Debug|Any CPU
		{36B94207-E480-4A4A-AC0A-2FBE2DDF4328}.Release|Any CPU.ActiveCfg = Release|Any CPU
		{36B94207-E480-4A4A-AC0A-2FBE2DDF4328}.Release|Any CPU.Build.0 = Release|Any CPU
		{DEA7E526-B67C-4E03-BC31-8AE67C3CBAB9}.Debug|Any CPU.ActiveCfg = Debug|Any CPU
		{DEA7E526-B67C-4E03-BC31-8AE67C3CBAB9}.Debug|Any CPU.Build.0 = Debug|Any CPU
		{DEA7E526-B67C-4E03-BC31-8AE67C3CBAB9}.Release|Any CPU.ActiveCfg = Release|Any CPU
		{DEA7E526-B67C-4E03-BC31-8AE67C3CBAB9}.Release|Any CPU.Build.0 = Release|Any CPU
		{300A0F97-F5DF-49EF-9877-F769F8A95621}.Debug|Any CPU.ActiveCfg = Debug|Any CPU
		{300A0F97-F5DF-49EF-9877-F769F8A95621}.Debug|Any CPU.Build.0 = Debug|Any CPU
		{300A0F97-F5DF-49EF-9877-F769F8A95621}.Release|Any CPU.ActiveCfg = Release|Any CPU
		{300A0F97-F5DF-49EF-9877-F769F8A95621}.Release|Any CPU.Build.0 = Release|Any CPU
	EndGlobalSection
	GlobalSection(SolutionProperties) = preSolution
		HideSolutionNode = FALSE
	EndGlobalSection
	GlobalSection(NestedProjects) = preSolution
		{3C467A08-511F-4E8D-9AA8-8CA2FFC4847E} = {8A900CF2-B09A-40F8-88D7-94062D75708F}
		{300A0F97-F5DF-49EF-9877-F769F8A95621} = {8A900CF2-B09A-40F8-88D7-94062D75708F}
		{2A749D85-FECF-4A8C-8998-E5A56CC0AD94} = {7FEAF8A2-9705-4C00-A648-69B92DD685CF}
		{36B94207-E480-4A4A-AC0A-2FBE2DDF4328} = {7FEAF8A2-9705-4C00-A648-69B92DD685CF}
		{DEA7E526-B67C-4E03-BC31-8AE67C3CBAB9} = {F673F8F7-3827-4B16-BCAB-5BDD9BA028A6}
	EndGlobalSection
EndGlobal
